
Microsoft Visual Studio Solution File, Format Version 12.00
# Visual Studio Version 17
VisualStudioVersion = 17.8.34525.116
MinimumVisualStudioVersion = 10.0.40219.1
Project("{9A19103F-16F7-4668-BE54-9A1E7A4F7556}") = "WEB_253504_VILKINA.UI", "WEB_253504_VILKINA.UI\WEB_253504_VILKINA.UI.csproj", "{96CB958E-86D2-48AD-9AC8-17C8E4426A49}"
EndProject
Project("{9A19103F-16F7-4668-BE54-9A1E7A4F7556}") = "WEB_253504_VILKINA.DOMAIN", "WEB_253504_VILKINA.DOMAIN\WEB_253504_VILKINA.DOMAIN.csproj", "{40F2DB4F-8E79-4C4B-9B92-5BCC2B848060}"
EndProject
Project("{9A19103F-16F7-4668-BE54-9A1E7A4F7556}") = "WEB_253504_VILKINA.API", "WEB_253504_VILKINA.API\WEB_253504_VILKINA.API.csproj", "{1D878159-19A5-42AD-893D-2C1F231510DB}"
EndProject
Project("{9A19103F-16F7-4668-BE54-9A1E7A4F7556}") = "WEB_253504_VILKINA.Tests", "WEB_253504_VILKINA.Tests\WEB_253504_VILKINA.Tests.csproj", "{C8B56DB4-AFC6-4C86-83C0-69E33EB53CD0}"
EndProject
Project("{9A19103F-16F7-4668-BE54-9A1E7A4F7556}") = "WEB_253504_VILKINA.BLAZOR.SSR", "WEB_253504_VILKINA.BLAZOR.SSR\WEB_253504_VILKINA.BLAZOR.SSR.csproj", "{8A6C8C2A-023F-44A0-9EA4-87CB7E3D09D4}"
EndProject
Project("{FAE04EC0-301F-11D3-BF4B-00C04F79EFBC}") = "WEB_253504_VILKINA.BLAZORWASM", "WEB_253504_VILKINA.BLAZORWASM\WEB_253504_VILKINA.BLAZORWASM.csproj", "{13143B0F-40F2-4C80-8B59-33E5EBDD6207}"
EndProject
Global
	GlobalSection(SolutionConfigurationPlatforms) = preSolution
		Debug|Any CPU = Debug|Any CPU
		Release|Any CPU = Release|Any CPU
	EndGlobalSection
	GlobalSection(ProjectConfigurationPlatforms) = postSolution
		{96CB958E-86D2-48AD-9AC8-17C8E4426A49}.Debug|Any CPU.ActiveCfg = Debug|Any CPU
		{96CB958E-86D2-48AD-9AC8-17C8E4426A49}.Debug|Any CPU.Build.0 = Debug|Any CPU
		{96CB958E-86D2-48AD-9AC8-17C8E4426A49}.Release|Any CPU.ActiveCfg = Release|Any CPU
		{96CB958E-86D2-48AD-9AC8-17C8E4426A49}.Release|Any CPU.Build.0 = Release|Any CPU
		{40F2DB4F-8E79-4C4B-9B92-5BCC2B848060}.Debug|Any CPU.ActiveCfg = Debug|Any CPU
		{40F2DB4F-8E79-4C4B-9B92-5BCC2B848060}.Debug|Any CPU.Build.0 = Debug|Any CPU
		{40F2DB4F-8E79-4C4B-9B92-5BCC2B848060}.Release|Any CPU.ActiveCfg = Release|Any CPU
		{40F2DB4F-8E79-4C4B-9B92-5BCC2B848060}.Release|Any CPU.Build.0 = Release|Any CPU
		{1D878159-19A5-42AD-893D-2C1F231510DB}.Debug|Any CPU.ActiveCfg = Debug|Any CPU
		{1D878159-19A5-42AD-893D-2C1F231510DB}.Debug|Any CPU.Build.0 = Debug|Any CPU
		{1D878159-19A5-42AD-893D-2C1F231510DB}.Release|Any CPU.ActiveCfg = Release|Any CPU
		{1D878159-19A5-42AD-893D-2C1F231510DB}.Release|Any CPU.Build.0 = Release|Any CPU
		{C8B56DB4-AFC6-4C86-83C0-69E33EB53CD0}.Debug|Any CPU.ActiveCfg = Debug|Any CPU
		{C8B56DB4-AFC6-4C86-83C0-69E33EB53CD0}.Debug|Any CPU.Build.0 = Debug|Any CPU
		{C8B56DB4-AFC6-4C86-83C0-69E33EB53CD0}.Release|Any CPU.ActiveCfg = Release|Any CPU
		{C8B56DB4-AFC6-4C86-83C0-69E33EB53CD0}.Release|Any CPU.Build.0 = Release|Any CPU
		{8A6C8C2A-023F-44A0-9EA4-87CB7E3D09D4}.Debug|Any CPU.ActiveCfg = Debug|Any CPU
		{8A6C8C2A-023F-44A0-9EA4-87CB7E3D09D4}.Debug|Any CPU.Build.0 = Debug|Any CPU
		{8A6C8C2A-023F-44A0-9EA4-87CB7E3D09D4}.Release|Any CPU.ActiveCfg = Release|Any CPU
		{8A6C8C2A-023F-44A0-9EA4-87CB7E3D09D4}.Release|Any CPU.Build.0 = Release|Any CPU
		{13143B0F-40F2-4C80-8B59-33E5EBDD6207}.Debug|Any CPU.ActiveCfg = Debug|Any CPU
		{13143B0F-40F2-4C80-8B59-33E5EBDD6207}.Debug|Any CPU.Build.0 = Debug|Any CPU
		{13143B0F-40F2-4C80-8B59-33E5EBDD6207}.Release|Any CPU.ActiveCfg = Release|Any CPU
		{13143B0F-40F2-4C80-8B59-33E5EBDD6207}.Release|Any CPU.Build.0 = Release|Any CPU
	EndGlobalSection
	GlobalSection(SolutionProperties) = preSolution
		HideSolutionNode = FALSE
	EndGlobalSection
	GlobalSection(ExtensibilityGlobals) = postSolution
		SolutionGuid = {E6189451-CBE6-47A2-BB28-993B35170AAB}
	EndGlobalSection
EndGlobal
